// !$*UTF8*$!
{
	archiveVersion = 1;
	classes = {
	};
	objectVersion = 46;
	objects = {

/* Begin PBXBuildFile section */
		944045DA1B87238C0093C999 /* AppDelegate.m in Sources */ = {isa = PBXBuildFile; fileRef = 944045D91B87238C0093C999 /* AppDelegate.m */; };
		944045DD1B87238C0093C999 /* main.m in Sources */ = {isa = PBXBuildFile; fileRef = 944045DC1B87238C0093C999 /* main.m */; };
		944045E01B87238C0093C999 /* ViewController.m in Sources */ = {isa = PBXBuildFile; fileRef = 944045DF1B87238C0093C999 /* ViewController.m */; };
		944045E21B87238C0093C999 /* Assets.xcassets in Resources */ = {isa = PBXBuildFile; fileRef = 944045E11B87238C0093C999 /* Assets.xcassets */; };
		944045E51B87238C0093C999 /* Main.storyboard in Resources */ = {isa = PBXBuildFile; fileRef = 944045E31B87238C0093C999 /* Main.storyboard */; };
		944045ED1B8727D00093C999 /* WebKit.framework in Frameworks */ = {isa = PBXBuildFile; fileRef = 944045EC1B8727D00093C999 /* WebKit.framework */; };
/* End PBXBuildFile section */

/* Begin PBXFileReference section */
		944045D51B87238C0093C999 /* WhatsApp.app */ = {isa = PBXFileReference; explicitFileType = wrapper.application; includeInIndex = 0; path = WhatsApp.app; sourceTree = BUILT_PRODUCTS_DIR; };
		944045D81B87238C0093C999 /* AppDelegate.h */ = {isa = PBXFileReference; lastKnownFileType = sourcecode.c.h; path = AppDelegate.h; sourceTree = "<group>"; };
		944045D91B87238C0093C999 /* AppDelegate.m */ = {isa = PBXFileReference; lastKnownFileType = sourcecode.c.objc; path = AppDelegate.m; sourceTree = "<group>"; };
		944045DC1B87238C0093C999 /* main.m */ = {isa = PBXFileReference; lastKnownFileType = sourcecode.c.objc; path = main.m; sourceTree = "<group>"; };
		944045DE1B87238C0093C999 /* ViewController.h */ = {isa = PBXFileReference; lastKnownFileType = sourcecode.c.h; path = ViewController.h; sourceTree = "<group>"; };
		944045DF1B87238C0093C999 /* ViewController.m */ = {isa = PBXFileReference; lastKnownFileType = sourcecode.c.objc; path = ViewController.m; sourceTree = "<group>"; };
		944045E11B87238C0093C999 /* Assets.xcassets */ = {isa = PBXFileReference; lastKnownFileType = folder.assetcatalog; path = Assets.xcassets; sourceTree = "<group>"; };
		944045E41B87238C0093C999 /* Base */ = {isa = PBXFileReference; lastKnownFileType = file.storyboard; name = Base; path = Base.lproj/Main.storyboard; sourceTree = "<group>"; };
		944045E61B87238C0093C999 /* Info.plist */ = {isa = PBXFileReference; lastKnownFileType = text.plist.xml; path = Info.plist; sourceTree = "<group>"; };
		944045EC1B8727D00093C999 /* WebKit.framework */ = {isa = PBXFileReference; lastKnownFileType = wrapper.framework; name = WebKit.framework; path = System/Library/Frameworks/WebKit.framework; sourceTree = SDKROOT; };
/* End PBXFileReference section */

/* Begin PBXFrameworksBuildPhase section */
		944045D21B87238C0093C999 /* Frameworks */ = {
			isa = PBXFrameworksBuildPhase;
			buildActionMask = 2147483647;
			files = (
				944045ED1B8727D00093C999 /* WebKit.framework in Frameworks */,
			);
			runOnlyForDeploymentPostprocessing = 0;
		};
/* End PBXFrameworksBuildPhase section */

/* Begin PBXGroup section */
		944045CC1B87238C0093C999 = {
			isa = PBXGroup;
			children = (
				944045EC1B8727D00093C999 /* WebKit.framework */,
				944045D71B87238C0093C999 /* WhatsApp */,
				944045D61B87238C0093C999 /* Products */,
			);
			sourceTree = "<group>";
		};
		944045D61B87238C0093C999 /* Products */ = {
			isa = PBXGroup;
			children = (
				944045D51B87238C0093C999 /* WhatsApp.app */,
			);
			name = Products;
			sourceTree = "<group>";
		};
		944045D71B87238C0093C999 /* WhatsApp */ = {
			isa = PBXGroup;
			children = (
				944045D81B87238C0093C999 /* AppDelegate.h */,
				944045D91B87238C0093C999 /* AppDelegate.m */,
				944045DE1B87238C0093C999 /* ViewController.h */,
				944045DF1B87238C0093C999 /* ViewController.m */,
				944045E11B87238C0093C999 /* Assets.xcassets */,
				944045E31B87238C0093C999 /* Main.storyboard */,
				944045E61B87238C0093C999 /* Info.plist */,
				944045DB1B87238C0093C999 /* Supporting Files */,
			);
			path = WhatsApp;
			sourceTree = "<group>";
		};
		944045DB1B87238C0093C999 /* Supporting Files */ = {
			isa = PBXGroup;
			children = (
				944045DC1B87238C0093C999 /* main.m */,
			);
			name = "Supporting Files";
			sourceTree = "<group>";
		};
/* End PBXGroup section */

/* Begin PBXNativeTarget section */
		944045D41B87238C0093C999 /* WhatsApp */ = {
			isa = PBXNativeTarget;
			buildConfigurationList = 944045E91B87238C0093C999 /* Build configuration list for PBXNativeTarget "WhatsApp" */;
			buildPhases = (
				944045D11B87238C0093C999 /* Sources */,
				944045D21B87238C0093C999 /* Frameworks */,
				944045D31B87238C0093C999 /* Resources */,
			);
			buildRules = (
			);
			dependencies = (
			);
			name = WhatsApp;
			productName = WhatsApp;
			productReference = 944045D51B87238C0093C999 /* WhatsApp.app */;
			productType = "com.apple.product-type.application";
		};
/* End PBXNativeTarget section */

/* Begin PBXProject section */
		944045CD1B87238C0093C999 /* Project object */ = {
			isa = PBXProject;
			attributes = {
				LastUpgradeCheck = 0700;
				ORGANIZATIONNAME = "Ryan Burke";
				TargetAttributes = {
					944045D41B87238C0093C999 = {
						CreatedOnToolsVersion = 7.0;
					};
				};
			};
			buildConfigurationList = 944045D01B87238C0093C999 /* Build configuration list for PBXProject "WhatsApp" */;
			compatibilityVersion = "Xcode 3.2";
			developmentRegion = English;
			hasScannedForEncodings = 0;
			knownRegions = (
				en,
				Base,
			);
			mainGroup = 944045CC1B87238C0093C999;
			productRefGroup = 944045D61B87238C0093C999 /* Products */;
			projectDirPath = "";
			projectRoot = "";
			targets = (
				944045D41B87238C0093C999 /* WhatsApp */,
			);
		};
/* End PBXProject section */

/* Begin PBXResourcesBuildPhase section */
		944045D31B87238C0093C999 /* Resources */ = {
			isa = PBXResourcesBuildPhase;
			buildActionMask = 2147483647;
			files = (
				944045E21B87238C0093C999 /* Assets.xcassets in Resources */,
				944045E51B87238C0093C999 /* Main.storyboard in Resources */,
			);
			runOnlyForDeploymentPostprocessing = 0;
		};
/* End PBXResourcesBuildPhase section */

/* Begin PBXSourcesBuildPhase section */
		944045D11B87238C0093C999 /* Sources */ = {
			isa = PBXSourcesBuildPhase;
			buildActionMask = 2147483647;
			files = (
				944045E01B87238C0093C999 /* ViewController.m in Sources */,
				944045DD1B87238C0093C999 /* main.m in Sources */,
				944045DA1B87238C0093C999 /* AppDelegate.m in Sources */,
			);
			runOnlyForDeploymentPostprocessing = 0;
		};
/* End PBXSourcesBuildPhase section */

/* Begin PBXVariantGroup section */
		944045E31B87238C0093C999 /* Main.storyboard */ = {
			isa = PBXVariantGroup;
			children = (
				944045E41B87238C0093C999 /* Base */,
			);
			name = Main.storyboard;
			sourceTree = "<group>";
		};
/* End PBXVariantGroup section */

/* Begin XCBuildConfiguration section */
		944045E71B87238C0093C999 /* Debug */ = {
			isa = XCBuildConfiguration;
			buildSettings = {
				ALWAYS_SEARCH_USER_PATHS = NO;
				CLANG_CXX_LANGUAGE_STANDARD = "gnu++0x";
				CLANG_CXX_LIBRARY = "libc++";
				CLANG_ENABLE_MODULES = YES;
				CLANG_ENABLE_OBJC_ARC = YES;
				CLANG_WARN_BOOL_CONVERSION = YES;
				CLANG_WARN_CONSTANT_CONVERSION = YES;
				CLANG_WARN_DIRECT_OBJC_ISA_USAGE = YES_ERROR;
				CLANG_WARN_EMPTY_BODY = YES;
				CLANG_WARN_ENUM_CONVERSION = YES;
				CLANG_WARN_INT_CONVERSION = YES;
				CLANG_WARN_OBJC_ROOT_CLASS = YES_ERROR;
				CLANG_WARN_UNREACHABLE_CODE = YES;
				CLANG_WARN__DUPLICATE_METHOD_MATCH = YES;
				CODE_SIGN_IDENTITY = "-";
				COPY_PHASE_STRIP = NO;
				DEBUG_INFORMATION_FORMAT = dwarf;
				ENABLE_STRICT_OBJC_MSGSEND = YES;
				ENABLE_TESTABILITY = YES;
				GCC_C_LANGUAGE_STANDARD = gnu99;
				GCC_DYNAMIC_NO_PIC = NO;
				GCC_NO_COMMON_BLOCKS = YES;
				GCC_OPTIMIZATION_LEVEL = 0;
				GCC_PREPROCESSOR_DEFINITIONS = (
					"DEBUG=1",
					"$(inherited)",
				);
				GCC_WARN_64_TO_32_BIT_CONVERSION = YES;
				GCC_WARN_ABOUT_RETURN_TYPE = YES_ERROR;
				GCC_WARN_UNDECLARED_SELECTOR = YES;
				GCC_WARN_UNINITIALIZED_AUTOS = YES_AGGRESSIVE;
				GCC_WARN_UNUSED_FUNCTION = YES;
				GCC_WARN_UNUSED_VARIABLE = YES;
				MACOSX_DEPLOYMENT_TARGET = 10.10;
				MTL_ENABLE_DEBUG_INFO = YES;
				ONLY_ACTIVE_ARCH = YES;
				SDKROOT = macosx;
			};
			name = Debug;
		};
		944045E81B87238C0093C999 /* Release */ = {
			isa = XCBuildConfiguration;
			buildSettings = {
				ALWAYS_SEARCH_USER_PATHS = NO;
				CLANG_CXX_LANGUAGE_STANDARD = "gnu++0x";
				CLANG_CXX_LIBRARY = "libc++";
				CLANG_ENABLE_MODULES = YES;
				CLANG_ENABLE_OBJC_ARC = YES;
				CLANG_WARN_BOOL_CONVERSION = YES;
				CLANG_WARN_CONSTANT_CONVERSION = YES;
				CLANG_WARN_DIRECT_OBJC_ISA_USAGE = YES_ERROR;
				CLANG_WARN_EMPTY_BODY = YES;
				CLANG_WARN_ENUM_CONVERSION = YES;
				CLANG_WARN_INT_CONVERSION = YES;
				CLANG_WARN_OBJC_ROOT_CLASS = YES_ERROR;
				CLANG_WARN_UNREACHABLE_CODE = YES;
				CLANG_WARN__DUPLICATE_METHOD_MATCH = YES;
				CODE_SIGN_IDENTITY = "-";
				COPY_PHASE_STRIP = NO;
				DEBUG_INFORMATION_FORMAT = "dwarf-with-dsym";
				ENABLE_NS_ASSERTIONS = NO;
				ENABLE_STRICT_OBJC_MSGSEND = YES;
				GCC_C_LANGUAGE_STANDARD = gnu99;
				GCC_NO_COMMON_BLOCKS = YES;
				GCC_WARN_64_TO_32_BIT_CONVERSION = YES;
				GCC_WARN_ABOUT_RETURN_TYPE = YES_ERROR;
				GCC_WARN_UNDECLARED_SELECTOR = YES;
				GCC_WARN_UNINITIALIZED_AUTOS = YES_AGGRESSIVE;
				GCC_WARN_UNUSED_FUNCTION = YES;
				GCC_WARN_UNUSED_VARIABLE = YES;
				MACOSX_DEPLOYMENT_TARGET = 10.10;
				MTL_ENABLE_DEBUG_INFO = NO;
				SDKROOT = macosx;
			};
			name = Release;
		};
		944045EA1B87238C0093C999 /* Debug */ = {
			isa = XCBuildConfiguration;
			buildSettings = {
				ASSETCATALOG_COMPILER_APPICON_NAME = AppIcon;
				COMBINE_HIDPI_IMAGES = YES;
				INFOPLIST_FILE = WhatsApp/Info.plist;
				LD_RUNPATH_SEARCH_PATHS = "$(inherited) @executable_path/../Frameworks";
				MACOSX_DEPLOYMENT_TARGET = 10.10;
				PRODUCT_BUNDLE_IDENTIFIER = com.ryanburke.WhatsApp;
				PRODUCT_NAME = "$(TARGET_NAME)";
			};
			name = Debug;
		};
		944045EB1B87238C0093C999 /* Release */ = {
			isa = XCBuildConfiguration;
			buildSettings = {
				ASSETCATALOG_COMPILER_APPICON_NAME = AppIcon;
				COMBINE_HIDPI_IMAGES = YES;
				INFOPLIST_FILE = WhatsApp/Info.plist;
				LD_RUNPATH_SEARCH_PATHS = "$(inherited) @executable_path/../Frameworks";
				MACOSX_DEPLOYMENT_TARGET = 10.10;
				PRODUCT_BUNDLE_IDENTIFIER = com.ryanburke.WhatsApp;
				PRODUCT_NAME = "$(TARGET_NAME)";
			};
			name = Release;
		};
/* End XCBuildConfiguration section */

/* Begin XCConfigurationList section */
		944045D01B87238C0093C999 /* Build configuration list for PBXProject "WhatsApp" */ = {
			isa = XCConfigurationList;
			buildConfigurations = (
				944045E71B87238C0093C999 /* Debug */,
				944045E81B87238C0093C999 /* Release */,
			);
			defaultConfigurationIsVisible = 0;
			defaultConfigurationName = Release;
		};
		944045E91B87238C0093C999 /* Build configuration list for PBXNativeTarget "WhatsApp" */ = {
			isa = XCConfigurationList;
			buildConfigurations = (
				944045EA1B87238C0093C999 /* Debug */,
				944045EB1B87238C0093C999 /* Release */,
			);
			defaultConfigurationIsVisible = 0;
			defaultConfigurationName = Release;
		};
/* End XCConfigurationList section */
	};
	rootObject = 944045CD1B87238C0093C999 /* Project object */;
}
